
Microsoft Visual Studio Solution File, Format Version 12.00
# Visual Studio Version 17
VisualStudioVersion = 17.8.34330.188
MinimumVisualStudioVersion = 10.0.40219.1
Project("{FAE04EC0-301F-11D3-BF4B-00C04F79EFBC}") = "WhiteLagoon.Web", "WhiteLagoon.Web\WhiteLagoon.Web.csproj", "{80C916C2-088A-495F-BEE2-5DCE1AA87C3A}"
EndProject
Global
	GlobalSection(SolutionConfigurationPlatforms) = preSolution
		Debug|Any CPU = Debug|Any CPU
		Release|Any CPU = Release|Any CPU
	EndGlobalSection
	GlobalSection(ProjectConfigurationPlatforms) = postSolution
		{80C916C2-088A-495F-BEE2-5DCE1AA87C3A}.Debug|Any CPU.ActiveCfg = Debug|Any CPU
		{80C916C2-088A-495F-BEE2-5DCE1AA87C3A}.Debug|Any CPU.Build.0 = Debug|Any CPU
		{80C916C2-088A-495F-BEE2-5DCE1AA87C3A}.Release|Any CPU.ActiveCfg = Release|Any CPU
		{80C916C2-088A-495F-BEE2-5DCE1AA87C3A}.Release|Any CPU.Build.0 = Release|Any CPU
	EndGlobalSection
	GlobalSection(SolutionProperties) = preSolution
		HideSolutionNode = FALSE
	EndGlobalSection
	GlobalSection(ExtensibilityGlobals) = postSolution
		SolutionGuid = {E7BDF37C-900A-49C3-9D29-EE78A4C57B4A}
	EndGlobalSection
EndGlobal
